// !$*UTF8*$!
{
	archiveVersion = 1;
	classes = {
	};
	objectVersion = 46;
	objects = {

/* Begin PBXBuildFile section */
		0882BA13C287D2836C3059FE /* Pods_Donor_ListTests.framework in Frameworks */ = {isa = PBXBuildFile; fileRef = A9ECB3C9D245A618F5071D58 /* Pods_Donor_ListTests.framework */; };
		36A0985AD8A43B646B173EE0 /* Pods_Donor_List.framework in Frameworks */ = {isa = PBXBuildFile; fileRef = 779BA207DEC27F44DD72A7F6 /* Pods_Donor_List.framework */; };
		C542F31D5A26BE755123FFC9 /* Pods_Donor_ListUITests.framework in Frameworks */ = {isa = PBXBuildFile; fileRef = E988C639656EBFE91B87878C /* Pods_Donor_ListUITests.framework */; };
		E28EB61F1F19591700B2D175 /* AppDelegate.swift in Sources */ = {isa = PBXBuildFile; fileRef = E28EB61E1F19591700B2D175 /* AppDelegate.swift */; };
		E28EB6211F19591700B2D175 /* ViewController.swift in Sources */ = {isa = PBXBuildFile; fileRef = E28EB6201F19591700B2D175 /* ViewController.swift */; };
		E28EB6241F19591700B2D175 /* Main.storyboard in Resources */ = {isa = PBXBuildFile; fileRef = E28EB6221F19591700B2D175 /* Main.storyboard */; };
		E28EB6261F19591700B2D175 /* Assets.xcassets in Resources */ = {isa = PBXBuildFile; fileRef = E28EB6251F19591700B2D175 /* Assets.xcassets */; };
		E28EB6291F19591700B2D175 /* LaunchScreen.storyboard in Resources */ = {isa = PBXBuildFile; fileRef = E28EB6271F19591700B2D175 /* LaunchScreen.storyboard */; };
		E28EB6341F19591700B2D175 /* Donor_ListTests.swift in Sources */ = {isa = PBXBuildFile; fileRef = E28EB6331F19591700B2D175 /* Donor_ListTests.swift */; };
		E28EB63F1F19591700B2D175 /* Donor_ListUITests.swift in Sources */ = {isa = PBXBuildFile; fileRef = E28EB63E1F19591700B2D175 /* Donor_ListUITests.swift */; };
		E28EB64D1F195ACB00B2D175 /* GoogleService-Info.plist in Resources */ = {isa = PBXBuildFile; fileRef = E28EB64C1F195ACB00B2D175 /* GoogleService-Info.plist */; };
/* End PBXBuildFile section */

/* Begin PBXContainerItemProxy section */
		E28EB6301F19591700B2D175 /* PBXContainerItemProxy */ = {
			isa = PBXContainerItemProxy;
			containerPortal = E28EB6131F19591700B2D175 /* Project object */;
			proxyType = 1;
			remoteGlobalIDString = E28EB61A1F19591700B2D175;
			remoteInfo = "Donor List";
		};
		E28EB63B1F19591700B2D175 /* PBXContainerItemProxy */ = {
			isa = PBXContainerItemProxy;
			containerPortal = E28EB6131F19591700B2D175 /* Project object */;
			proxyType = 1;
			remoteGlobalIDString = E28EB61A1F19591700B2D175;
			remoteInfo = "Donor List";
		};
/* End PBXContainerItemProxy section */

/* Begin PBXFileReference section */
		288AEF1203477E5A639DFE9A /* Pods-Donor ListTests.release.xcconfig */ = {isa = PBXFileReference; includeInIndex = 1; lastKnownFileType = text.xcconfig; name = "Pods-Donor ListTests.release.xcconfig"; path = "Pods/Target Support Files/Pods-Donor ListTests/Pods-Donor ListTests.release.xcconfig"; sourceTree = "<group>"; };
		4B9ADA41736C130ED9B23047 /* Pods-Donor ListUITests.debug.xcconfig */ = {isa = PBXFileReference; includeInIndex = 1; lastKnownFileType = text.xcconfig; name = "Pods-Donor ListUITests.debug.xcconfig"; path = "Pods/Target Support Files/Pods-Donor ListUITests/Pods-Donor ListUITests.debug.xcconfig"; sourceTree = "<group>"; };
		6285D6C9189D6DAED1356686 /* Pods-Donor ListUITests.release.xcconfig */ = {isa = PBXFileReference; includeInIndex = 1; lastKnownFileType = text.xcconfig; name = "Pods-Donor ListUITests.release.xcconfig"; path = "Pods/Target Support Files/Pods-Donor ListUITests/Pods-Donor ListUITests.release.xcconfig"; sourceTree = "<group>"; };
		74AF444803C15DD39870F8E7 /* Pods-Donor List.debug.xcconfig */ = {isa = PBXFileReference; includeInIndex = 1; lastKnownFileType = text.xcconfig; name = "Pods-Donor List.debug.xcconfig"; path = "Pods/Target Support Files/Pods-Donor List/Pods-Donor List.debug.xcconfig"; sourceTree = "<group>"; };
		779BA207DEC27F44DD72A7F6 /* Pods_Donor_List.framework */ = {isa = PBXFileReference; explicitFileType = wrapper.framework; includeInIndex = 0; path = Pods_Donor_List.framework; sourceTree = BUILT_PRODUCTS_DIR; };
		A9ECB3C9D245A618F5071D58 /* Pods_Donor_ListTests.framework */ = {isa = PBXFileReference; explicitFileType = wrapper.framework; includeInIndex = 0; path = Pods_Donor_ListTests.framework; sourceTree = BUILT_PRODUCTS_DIR; };
		CBFBA1FE7809E03B15725908 /* Pods-Donor ListTests.debug.xcconfig */ = {isa = PBXFileReference; includeInIndex = 1; lastKnownFileType = text.xcconfig; name = "Pods-Donor ListTests.debug.xcconfig"; path = "Pods/Target Support Files/Pods-Donor ListTests/Pods-Donor ListTests.debug.xcconfig"; sourceTree = "<group>"; };
		D032BACCE7E0BA21D4810E32 /* Pods-Donor List.release.xcconfig */ = {isa = PBXFileReference; includeInIndex = 1; lastKnownFileType = text.xcconfig; name = "Pods-Donor List.release.xcconfig"; path = "Pods/Target Support Files/Pods-Donor List/Pods-Donor List.release.xcconfig"; sourceTree = "<group>"; };
		E28EB61B1F19591700B2D175 /* Donor List.app */ = {isa = PBXFileReference; explicitFileType = wrapper.application; includeInIndex = 0; path = "Donor List.app"; sourceTree = BUILT_PRODUCTS_DIR; };
		E28EB61E1F19591700B2D175 /* AppDelegate.swift */ = {isa = PBXFileReference; lastKnownFileType = sourcecode.swift; path = AppDelegate.swift; sourceTree = "<group>"; };
		E28EB6201F19591700B2D175 /* ViewController.swift */ = {isa = PBXFileReference; lastKnownFileType = sourcecode.swift; path = ViewController.swift; sourceTree = "<group>"; };
		E28EB6231F19591700B2D175 /* Base */ = {isa = PBXFileReference; lastKnownFileType = file.storyboard; name = Base; path = Base.lproj/Main.storyboard; sourceTree = "<group>"; };
		E28EB6251F19591700B2D175 /* Assets.xcassets */ = {isa = PBXFileReference; lastKnownFileType = folder.assetcatalog; path = Assets.xcassets; sourceTree = "<group>"; };
		E28EB6281F19591700B2D175 /* Base */ = {isa = PBXFileReference; lastKnownFileType = file.storyboard; name = Base; path = Base.lproj/LaunchScreen.storyboard; sourceTree = "<group>"; };
		E28EB62A1F19591700B2D175 /* Info.plist */ = {isa = PBXFileReference; lastKnownFileType = text.plist.xml; path = Info.plist; sourceTree = "<group>"; };
		E28EB62F1F19591700B2D175 /* Donor ListTests.xctest */ = {isa = PBXFileReference; explicitFileType = wrapper.cfbundle; includeInIndex = 0; path = "Donor ListTests.xctest"; sourceTree = BUILT_PRODUCTS_DIR; };
		E28EB6331F19591700B2D175 /* Donor_ListTests.swift */ = {isa = PBXFileReference; lastKnownFileType = sourcecode.swift; path = Donor_ListTests.swift; sourceTree = "<group>"; };
		E28EB6351F19591700B2D175 /* Info.plist */ = {isa = PBXFileReference; lastKnownFileType = text.plist.xml; path = Info.plist; sourceTree = "<group>"; };
		E28EB63A1F19591700B2D175 /* Donor ListUITests.xctest */ = {isa = PBXFileReference; explicitFileType = wrapper.cfbundle; includeInIndex = 0; path = "Donor ListUITests.xctest"; sourceTree = BUILT_PRODUCTS_DIR; };
		E28EB63E1F19591700B2D175 /* Donor_ListUITests.swift */ = {isa = PBXFileReference; lastKnownFileType = sourcecode.swift; path = Donor_ListUITests.swift; sourceTree = "<group>"; };
		E28EB6401F19591700B2D175 /* Info.plist */ = {isa = PBXFileReference; lastKnownFileType = text.plist.xml; path = Info.plist; sourceTree = "<group>"; };
		E28EB64C1F195ACB00B2D175 /* GoogleService-Info.plist */ = {isa = PBXFileReference; fileEncoding = 4; lastKnownFileType = text.plist.xml; path = "GoogleService-Info.plist"; sourceTree = "<group>"; };
		E988C639656EBFE91B87878C /* Pods_Donor_ListUITests.framework */ = {isa = PBXFileReference; explicitFileType = wrapper.framework; includeInIndex = 0; path = Pods_Donor_ListUITests.framework; sourceTree = BUILT_PRODUCTS_DIR; };
/* End PBXFileReference section */

/* Begin PBXFrameworksBuildPhase section */
		E28EB6181F19591700B2D175 /* Frameworks */ = {
			isa = PBXFrameworksBuildPhase;
			buildActionMask = 2147483647;
			files = (
				36A0985AD8A43B646B173EE0 /* Pods_Donor_List.framework in Frameworks */,
			);
			runOnlyForDeploymentPostprocessing = 0;
		};
		E28EB62C1F19591700B2D175 /* Frameworks */ = {
			isa = PBXFrameworksBuildPhase;
			buildActionMask = 2147483647;
			files = (
				0882BA13C287D2836C3059FE /* Pods_Donor_ListTests.framework in Frameworks */,
			);
			runOnlyForDeploymentPostprocessing = 0;
		};
		E28EB6371F19591700B2D175 /* Frameworks */ = {
			isa = PBXFrameworksBuildPhase;
			buildActionMask = 2147483647;
			files = (
				C542F31D5A26BE755123FFC9 /* Pods_Donor_ListUITests.framework in Frameworks */,
			);
			runOnlyForDeploymentPostprocessing = 0;
		};
/* End PBXFrameworksBuildPhase section */

/* Begin PBXGroup section */
		1B911CF088E46B181CD412BD /* Pods */ = {
			isa = PBXGroup;
			children = (
				74AF444803C15DD39870F8E7 /* Pods-Donor List.debug.xcconfig */,
				D032BACCE7E0BA21D4810E32 /* Pods-Donor List.release.xcconfig */,
				CBFBA1FE7809E03B15725908 /* Pods-Donor ListTests.debug.xcconfig */,
				288AEF1203477E5A639DFE9A /* Pods-Donor ListTests.release.xcconfig */,
				4B9ADA41736C130ED9B23047 /* Pods-Donor ListUITests.debug.xcconfig */,
				6285D6C9189D6DAED1356686 /* Pods-Donor ListUITests.release.xcconfig */,
			);
			name = Pods;
			sourceTree = "<group>";
		};
		5D80D879EBCC693A9877CA69 /* Frameworks */ = {
			isa = PBXGroup;
			children = (
				779BA207DEC27F44DD72A7F6 /* Pods_Donor_List.framework */,
				A9ECB3C9D245A618F5071D58 /* Pods_Donor_ListTests.framework */,
				E988C639656EBFE91B87878C /* Pods_Donor_ListUITests.framework */,
			);
			name = Frameworks;
			sourceTree = "<group>";
		};
		E28EB6121F19591700B2D175 = {
			isa = PBXGroup;
			children = (
				E28EB61D1F19591700B2D175 /* Donor List */,
				E28EB6321F19591700B2D175 /* Donor ListTests */,
				E28EB63D1F19591700B2D175 /* Donor ListUITests */,
				E28EB61C1F19591700B2D175 /* Products */,
				1B911CF088E46B181CD412BD /* Pods */,
				5D80D879EBCC693A9877CA69 /* Frameworks */,
			);
			sourceTree = "<group>";
		};
		E28EB61C1F19591700B2D175 /* Products */ = {
			isa = PBXGroup;
			children = (
				E28EB61B1F19591700B2D175 /* Donor List.app */,
				E28EB62F1F19591700B2D175 /* Donor ListTests.xctest */,
				E28EB63A1F19591700B2D175 /* Donor ListUITests.xctest */,
			);
			name = Products;
			sourceTree = "<group>";
		};
		E28EB61D1F19591700B2D175 /* Donor List */ = {
			isa = PBXGroup;
			children = (
				E28EB61E1F19591700B2D175 /* AppDelegate.swift */,
				E28EB6201F19591700B2D175 /* ViewController.swift */,
				E28EB6221F19591700B2D175 /* Main.storyboard */,
				E28EB6251F19591700B2D175 /* Assets.xcassets */,
				E28EB6271F19591700B2D175 /* LaunchScreen.storyboard */,
				E28EB64C1F195ACB00B2D175 /* GoogleService-Info.plist */,
				E28EB62A1F19591700B2D175 /* Info.plist */,
			);
			path = "Donor List";
			sourceTree = "<group>";
		};
		E28EB6321F19591700B2D175 /* Donor ListTests */ = {
			isa = PBXGroup;
			children = (
				E28EB6331F19591700B2D175 /* Donor_ListTests.swift */,
				E28EB6351F19591700B2D175 /* Info.plist */,
			);
			path = "Donor ListTests";
			sourceTree = "<group>";
		};
		E28EB63D1F19591700B2D175 /* Donor ListUITests */ = {
			isa = PBXGroup;
			children = (
				E28EB63E1F19591700B2D175 /* Donor_ListUITests.swift */,
				E28EB6401F19591700B2D175 /* Info.plist */,
			);
			path = "Donor ListUITests";
			sourceTree = "<group>";
		};
/* End PBXGroup section */

/* Begin PBXNativeTarget section */
		E28EB61A1F19591700B2D175 /* Donor List */ = {
			isa = PBXNativeTarget;
			buildConfigurationList = E28EB6431F19591700B2D175 /* Build configuration list for PBXNativeTarget "Donor List" */;
			buildPhases = (
				C5FAA35A3777EDBA5F5C47A5 /* [CP] Check Pods Manifest.lock */,
				E28EB6171F19591700B2D175 /* Sources */,
				E28EB6181F19591700B2D175 /* Frameworks */,
				E28EB6191F19591700B2D175 /* Resources */,
				07473DEAD542538EC461FCDB /* [CP] Embed Pods Frameworks */,
				2D3243E48770457C5046BF82 /* [CP] Copy Pods Resources */,
			);
			buildRules = (
			);
			dependencies = (
			);
			name = "Donor List";
			productName = "Donor List";
			productReference = E28EB61B1F19591700B2D175 /* Donor List.app */;
			productType = "com.apple.product-type.application";
		};
		E28EB62E1F19591700B2D175 /* Donor ListTests */ = {
			isa = PBXNativeTarget;
			buildConfigurationList = E28EB6461F19591700B2D175 /* Build configuration list for PBXNativeTarget "Donor ListTests" */;
			buildPhases = (
				8F9848A54ADA4F6F965692E3 /* [CP] Check Pods Manifest.lock */,
				E28EB62B1F19591700B2D175 /* Sources */,
				E28EB62C1F19591700B2D175 /* Frameworks */,
				E28EB62D1F19591700B2D175 /* Resources */,
				C6D745442E81F2964E19FAD4 /* [CP] Embed Pods Frameworks */,
				DBC4684CB03993CB287A5AEE /* [CP] Copy Pods Resources */,
			);
			buildRules = (
			);
			dependencies = (
				E28EB6311F19591700B2D175 /* PBXTargetDependency */,
			);
			name = "Donor ListTests";
			productName = "Donor ListTests";
			productReference = E28EB62F1F19591700B2D175 /* Donor ListTests.xctest */;
			productType = "com.apple.product-type.bundle.unit-test";
		};
		E28EB6391F19591700B2D175 /* Donor ListUITests */ = {
			isa = PBXNativeTarget;
			buildConfigurationList = E28EB6491F19591700B2D175 /* Build configuration list for PBXNativeTarget "Donor ListUITests" */;
			buildPhases = (
				21DBFD129FD37615F18E9FF3 /* [CP] Check Pods Manifest.lock */,
				E28EB6361F19591700B2D175 /* Sources */,
				E28EB6371F19591700B2D175 /* Frameworks */,
				E28EB6381F19591700B2D175 /* Resources */,
				FE569112D0E42E693A6DDAD5 /* [CP] Embed Pods Frameworks */,
				A77C3EBB5EC30D55F7B4F981 /* [CP] Copy Pods Resources */,
			);
			buildRules = (
			);
			dependencies = (
				E28EB63C1F19591700B2D175 /* PBXTargetDependency */,
			);
			name = "Donor ListUITests";
			productName = "Donor ListUITests";
			productReference = E28EB63A1F19591700B2D175 /* Donor ListUITests.xctest */;
			productType = "com.apple.product-type.bundle.ui-testing";
		};
/* End PBXNativeTarget section */

/* Begin PBXProject section */
		E28EB6131F19591700B2D175 /* Project object */ = {
			isa = PBXProject;
			attributes = {
				LastSwiftUpdateCheck = 0830;
				LastUpgradeCheck = 0830;
				ORGANIZATIONNAME = Ahmed;
				TargetAttributes = {
					E28EB61A1F19591700B2D175 = {
						CreatedOnToolsVersion = 8.3.3;
						DevelopmentTeam = J9C4UGA6DL;
						ProvisioningStyle = Automatic;
					};
					E28EB62E1F19591700B2D175 = {
						CreatedOnToolsVersion = 8.3.3;
						DevelopmentTeam = J9C4UGA6DL;
						ProvisioningStyle = Automatic;
						TestTargetID = E28EB61A1F19591700B2D175;
					};
					E28EB6391F19591700B2D175 = {
						CreatedOnToolsVersion = 8.3.3;
						DevelopmentTeam = J9C4UGA6DL;
						ProvisioningStyle = Automatic;
						TestTargetID = E28EB61A1F19591700B2D175;
					};
				};
			};
			buildConfigurationList = E28EB6161F19591700B2D175 /* Build configuration list for PBXProject "Donor List" */;
			compatibilityVersion = "Xcode 3.2";
			developmentRegion = English;
			hasScannedForEncodings = 0;
			knownRegions = (
				en,
				Base,
			);
			mainGroup = E28EB6121F19591700B2D175;
			productRefGroup = E28EB61C1F19591700B2D175 /* Products */;
			projectDirPath = "";
			projectRoot = "";
			targets = (
				E28EB61A1F19591700B2D175 /* Donor List */,
				E28EB62E1F19591700B2D175 /* Donor ListTests */,
				E28EB6391F19591700B2D175 /* Donor ListUITests */,
			);
		};
/* End PBXProject section */

/* Begin PBXResourcesBuildPhase section */
		E28EB6191F19591700B2D175 /* Resources */ = {
			isa = PBXResourcesBuildPhase;
			buildActionMask = 2147483647;
			files = (
				E28EB6291F19591700B2D175 /* LaunchScreen.storyboard in Resources */,
				E28EB64D1F195ACB00B2D175 /* GoogleService-Info.plist in Resources */,
				E28EB6261F19591700B2D175 /* Assets.xcassets in Resources */,
				E28EB6241F19591700B2D175 /* Main.storyboard in Resources */,
			);
			runOnlyForDeploymentPostprocessing = 0;
		};
		E28EB62D1F19591700B2D175 /* Resources */ = {
			isa = PBXResourcesBuildPhase;
			buildActionMask = 2147483647;
			files = (
			);
			runOnlyForDeploymentPostprocessing = 0;
		};
		E28EB6381F19591700B2D175 /* Resources */ = {
			isa = PBXResourcesBuildPhase;
			buildActionMask = 2147483647;
			files = (
			);
			runOnlyForDeploymentPostprocessing = 0;
		};
/* End PBXResourcesBuildPhase section */

/* Begin PBXShellScriptBuildPhase section */
		07473DEAD542538EC461FCDB /* [CP] Embed Pods Frameworks */ = {
			isa = PBXShellScriptBuildPhase;
			buildActionMask = 2147483647;
			files = (
			);
			inputPaths = (
			);
			name = "[CP] Embed Pods Frameworks";
			outputPaths = (
			);
			runOnlyForDeploymentPostprocessing = 0;
			shellPath = /bin/sh;
			shellScript = "\"${SRCROOT}/Pods/Target Support Files/Pods-Donor List/Pods-Donor List-frameworks.sh\"\n";
			showEnvVarsInLog = 0;
		};
		21DBFD129FD37615F18E9FF3 /* [CP] Check Pods Manifest.lock */ = {
			isa = PBXShellScriptBuildPhase;
			buildActionMask = 2147483647;
			files = (
			);
			inputPaths = (
			);
			name = "[CP] Check Pods Manifest.lock";
			outputPaths = (
			);
			runOnlyForDeploymentPostprocessing = 0;
			shellPath = /bin/sh;
			shellScript = "diff \"${PODS_PODFILE_DIR_PATH}/Podfile.lock\" \"${PODS_ROOT}/Manifest.lock\" > /dev/null\nif [ $? != 0 ] ; then\n    # print error to STDERR\n    echo \"error: The sandbox is not in sync with the Podfile.lock. Run 'pod install' or update your CocoaPods installation.\" >&2\n    exit 1\nfi\n";
			showEnvVarsInLog = 0;
		};
		2D3243E48770457C5046BF82 /* [CP] Copy Pods Resources */ = {
			isa = PBXShellScriptBuildPhase;
			buildActionMask = 2147483647;
			files = (
			);
			inputPaths = (
			);
			name = "[CP] Copy Pods Resources";
			outputPaths = (
			);
			runOnlyForDeploymentPostprocessing = 0;
			shellPath = /bin/sh;
			shellScript = "\"${SRCROOT}/Pods/Target Support Files/Pods-Donor List/Pods-Donor List-resources.sh\"\n";
			showEnvVarsInLog = 0;
		};
		8F9848A54ADA4F6F965692E3 /* [CP] Check Pods Manifest.lock */ = {
			isa = PBXShellScriptBuildPhase;
			buildActionMask = 2147483647;
			files = (
			);
			inputPaths = (
			);
			name = "[CP] Check Pods Manifest.lock";
			outputPaths = (
			);
			runOnlyForDeploymentPostprocessing = 0;
			shellPath = /bin/sh;
			shellScript = "diff \"${PODS_PODFILE_DIR_PATH}/Podfile.lock\" \"${PODS_ROOT}/Manifest.lock\" > /dev/null\nif [ $? != 0 ] ; then\n    # print error to STDERR\n    echo \"error: The sandbox is not in sync with the Podfile.lock. Run 'pod install' or update your CocoaPods installation.\" >&2\n    exit 1\nfi\n";
			showEnvVarsInLog = 0;
		};
		A77C3EBB5EC30D55F7B4F981 /* [CP] Copy Pods Resources */ = {
			isa = PBXShellScriptBuildPhase;
			buildActionMask = 2147483647;
			files = (
			);
			inputPaths = (
			);
			name = "[CP] Copy Pods Resources";
			outputPaths = (
			);
			runOnlyForDeploymentPostprocessing = 0;
			shellPath = /bin/sh;
			shellScript = "\"${SRCROOT}/Pods/Target Support Files/Pods-Donor ListUITests/Pods-Donor ListUITests-resources.sh\"\n";
			showEnvVarsInLog = 0;
		};
		C5FAA35A3777EDBA5F5C47A5 /* [CP] Check Pods Manifest.lock */ = {
			isa = PBXShellScriptBuildPhase;
			buildActionMask = 2147483647;
			files = (
			);
			inputPaths = (
			);
			name = "[CP] Check Pods Manifest.lock";
			outputPaths = (
			);
			runOnlyForDeploymentPostprocessing = 0;
			shellPath = /bin/sh;
			shellScript = "diff \"${PODS_PODFILE_DIR_PATH}/Podfile.lock\" \"${PODS_ROOT}/Manifest.lock\" > /dev/null\nif [ $? != 0 ] ; then\n    # print error to STDERR\n    echo \"error: The sandbox is not in sync with the Podfile.lock. Run 'pod install' or update your CocoaPods installation.\" >&2\n    exit 1\nfi\n";
			showEnvVarsInLog = 0;
		};
		C6D745442E81F2964E19FAD4 /* [CP] Embed Pods Frameworks */ = {
			isa = PBXShellScriptBuildPhase;
			buildActionMask = 2147483647;
			files = (
			);
			inputPaths = (
			);
			name = "[CP] Embed Pods Frameworks";
			outputPaths = (
			);
			runOnlyForDeploymentPostprocessing = 0;
			shellPath = /bin/sh;
			shellScript = "\"${SRCROOT}/Pods/Target Support Files/Pods-Donor ListTests/Pods-Donor ListTests-frameworks.sh\"\n";
			showEnvVarsInLog = 0;
		};
		DBC4684CB03993CB287A5AEE /* [CP] Copy Pods Resources */ = {
			isa = PBXShellScriptBuildPhase;
			buildActionMask = 2147483647;
			files = (
			);
			inputPaths = (
			);
			name = "[CP] Copy Pods Resources";
			outputPaths = (
			);
			runOnlyForDeploymentPostprocessing = 0;
			shellPath = /bin/sh;
			shellScript = "\"${SRCROOT}/Pods/Target Support Files/Pods-Donor ListTests/Pods-Donor ListTests-resources.sh\"\n";
			showEnvVarsInLog = 0;
		};
		FE569112D0E42E693A6DDAD5 /* [CP] Embed Pods Frameworks */ = {
			isa = PBXShellScriptBuildPhase;
			buildActionMask = 2147483647;
			files = (
			);
			inputPaths = (
			);
			name = "[CP] Embed Pods Frameworks";
			outputPaths = (
			);
			runOnlyForDeploymentPostprocessing = 0;
			shellPath = /bin/sh;
			shellScript = "\"${SRCROOT}/Pods/Target Support Files/Pods-Donor ListUITests/Pods-Donor ListUITests-frameworks.sh\"\n";
			showEnvVarsInLog = 0;
		};
/* End PBXShellScriptBuildPhase section */

/* Begin PBXSourcesBuildPhase section */
		E28EB6171F19591700B2D175 /* Sources */ = {
			isa = PBXSourcesBuildPhase;
			buildActionMask = 2147483647;
			files = (
				E28EB6211F19591700B2D175 /* ViewController.swift in Sources */,
				E28EB61F1F19591700B2D175 /* AppDelegate.swift in Sources */,
			);
			runOnlyForDeploymentPostprocessing = 0;
		};
		E28EB62B1F19591700B2D175 /* Sources */ = {
			isa = PBXSourcesBuildPhase;
			buildActionMask = 2147483647;
			files = (
				E28EB6341F19591700B2D175 /* Donor_ListTests.swift in Sources */,
			);
			runOnlyForDeploymentPostprocessing = 0;
		};
		E28EB6361F19591700B2D175 /* Sources */ = {
			isa = PBXSourcesBuildPhase;
			buildActionMask = 2147483647;
			files = (
				E28EB63F1F19591700B2D175 /* Donor_ListUITests.swift in Sources */,
			);
			runOnlyForDeploymentPostprocessing = 0;
		};
/* End PBXSourcesBuildPhase section */

/* Begin PBXTargetDependency section */
		E28EB6311F19591700B2D175 /* PBXTargetDependency */ = {
			isa = PBXTargetDependency;
			target = E28EB61A1F19591700B2D175 /* Donor List */;
			targetProxy = E28EB6301F19591700B2D175 /* PBXContainerItemProxy */;
		};
		E28EB63C1F19591700B2D175 /* PBXTargetDependency */ = {
			isa = PBXTargetDependency;
			target = E28EB61A1F19591700B2D175 /* Donor List */;
			targetProxy = E28EB63B1F19591700B2D175 /* PBXContainerItemProxy */;
		};
/* End PBXTargetDependency section */

/* Begin PBXVariantGroup section */
		E28EB6221F19591700B2D175 /* Main.storyboard */ = {
			isa = PBXVariantGroup;
			children = (
				E28EB6231F19591700B2D175 /* Base */,
			);
			name = Main.storyboard;
			sourceTree = "<group>";
		};
		E28EB6271F19591700B2D175 /* LaunchScreen.storyboard */ = {
			isa = PBXVariantGroup;
			children = (
				E28EB6281F19591700B2D175 /* Base */,
			);
			name = LaunchScreen.storyboard;
			sourceTree = "<group>";
		};
/* End PBXVariantGroup section */

/* Begin XCBuildConfiguration section */
		E28EB6411F19591700B2D175 /* Debug */ = {
			isa = XCBuildConfiguration;
			buildSettings = {
				ALWAYS_SEARCH_USER_PATHS = NO;
				CLANG_ANALYZER_NONNULL = YES;
				CLANG_ANALYZER_NUMBER_OBJECT_CONVERSION = YES_AGGRESSIVE;
				CLANG_CXX_LANGUAGE_STANDARD = "gnu++0x";
				CLANG_CXX_LIBRARY = "libc++";
				CLANG_ENABLE_MODULES = YES;
				CLANG_ENABLE_OBJC_ARC = YES;
				CLANG_WARN_BOOL_CONVERSION = YES;
				CLANG_WARN_CONSTANT_CONVERSION = YES;
				CLANG_WARN_DIRECT_OBJC_ISA_USAGE = YES_ERROR;
				CLANG_WARN_DOCUMENTATION_COMMENTS = YES;
				CLANG_WARN_EMPTY_BODY = YES;
				CLANG_WARN_ENUM_CONVERSION = YES;
				CLANG_WARN_INFINITE_RECURSION = YES;
				CLANG_WARN_INT_CONVERSION = YES;
				CLANG_WARN_OBJC_ROOT_CLASS = YES_ERROR;
				CLANG_WARN_SUSPICIOUS_MOVE = YES;
				CLANG_WARN_UNREACHABLE_CODE = YES;
				CLANG_WARN__DUPLICATE_METHOD_MATCH = YES;
				"CODE_SIGN_IDENTITY[sdk=iphoneos*]" = "iPhone Developer";
				COPY_PHASE_STRIP = NO;
				DEBUG_INFORMATION_FORMAT = dwarf;
				ENABLE_STRICT_OBJC_MSGSEND = YES;
				ENABLE_TESTABILITY = YES;
				GCC_C_LANGUAGE_STANDARD = gnu99;
				GCC_DYNAMIC_NO_PIC = NO;
				GCC_NO_COMMON_BLOCKS = YES;
				GCC_OPTIMIZATION_LEVEL = 0;
				GCC_PREPROCESSOR_DEFINITIONS = (
					"DEBUG=1",
					"$(inherited)",
				);
				GCC_WARN_64_TO_32_BIT_CONVERSION = YES;
				GCC_WARN_ABOUT_RETURN_TYPE = YES_ERROR;
				GCC_WARN_UNDECLARED_SELECTOR = YES;
				GCC_WARN_UNINITIALIZED_AUTOS = YES_AGGRESSIVE;
				GCC_WARN_UNUSED_FUNCTION = YES;
				GCC_WARN_UNUSED_VARIABLE = YES;
				IPHONEOS_DEPLOYMENT_TARGET = 10.3;
				MTL_ENABLE_DEBUG_INFO = YES;
				ONLY_ACTIVE_ARCH = YES;
				SDKROOT = iphoneos;
				SWIFT_ACTIVE_COMPILATION_CONDITIONS = DEBUG;
				SWIFT_OPTIMIZATION_LEVEL = "-Onone";
				TARGETED_DEVICE_FAMILY = "1,2";
			};
			name = Debug;
		};
		E28EB6421F19591700B2D175 /* Release */ = {
			isa = XCBuildConfiguration;
			buildSettings = {
				ALWAYS_SEARCH_USER_PATHS = NO;
				CLANG_ANALYZER_NONNULL = YES;
				CLANG_ANALYZER_NUMBER_OBJECT_CONVERSION = YES_AGGRESSIVE;
				CLANG_CXX_LANGUAGE_STANDARD = "gnu++0x";
				CLANG_CXX_LIBRARY = "libc++";
				CLANG_ENABLE_MODULES = YES;
				CLANG_ENABLE_OBJC_ARC = YES;
				CLANG_WARN_BOOL_CONVERSION = YES;
				CLANG_WARN_CONSTANT_CONVERSION = YES;
				CLANG_WARN_DIRECT_OBJC_ISA_USAGE = YES_ERROR;
				CLANG_WARN_DOCUMENTATION_COMMENTS = YES;
				CLANG_WARN_EMPTY_BODY = YES;
				CLANG_WARN_ENUM_CONVERSION = YES;
				CLANG_WARN_INFINITE_RECURSION = YES;
				CLANG_WARN_INT_CONVERSION = YES;
				CLANG_WARN_OBJC_ROOT_CLASS = YES_ERROR;
				CLANG_WARN_SUSPICIOUS_MOVE = YES;
				CLANG_WARN_UNREACHABLE_CODE = YES;
				CLANG_WARN__DUPLICATE_METHOD_MATCH = YES;
				"CODE_SIGN_IDENTITY[sdk=iphoneos*]" = "iPhone Developer";
				COPY_PHASE_STRIP = NO;
				DEBUG_INFORMATION_FORMAT = "dwarf-with-dsym";
				ENABLE_NS_ASSERTIONS = NO;
				ENABLE_STRICT_OBJC_MSGSEND = YES;
				GCC_C_LANGUAGE_STANDARD = gnu99;
				GCC_NO_COMMON_BLOCKS = YES;
				GCC_WARN_64_TO_32_BIT_CONVERSION = YES;
				GCC_WARN_ABOUT_RETURN_TYPE = YES_ERROR;
				GCC_WARN_UNDECLARED_SELECTOR = YES;
				GCC_WARN_UNINITIALIZED_AUTOS = YES_AGGRESSIVE;
				GCC_WARN_UNUSED_FUNCTION = YES;
				GCC_WARN_UNUSED_VARIABLE = YES;
				IPHONEOS_DEPLOYMENT_TARGET = 10.3;
				MTL_ENABLE_DEBUG_INFO = NO;
				SDKROOT = iphoneos;
				SWIFT_OPTIMIZATION_LEVEL = "-Owholemodule";
				TARGETED_DEVICE_FAMILY = "1,2";
				VALIDATE_PRODUCT = YES;
			};
			name = Release;
		};
		E28EB6441F19591700B2D175 /* Debug */ = {
			isa = XCBuildConfiguration;
			baseConfigurationReference = 74AF444803C15DD39870F8E7 /* Pods-Donor List.debug.xcconfig */;
			buildSettings = {
				ASSETCATALOG_COMPILER_APPICON_NAME = AppIcon;
				DEVELOPMENT_TEAM = J9C4UGA6DL;
				INFOPLIST_FILE = "Donor List/Info.plist";
				LD_RUNPATH_SEARCH_PATHS = "$(inherited) @executable_path/Frameworks";
				PRODUCT_BUNDLE_IDENTIFIER = "com.software.Donor-List";
				PRODUCT_NAME = "$(TARGET_NAME)";
				SWIFT_VERSION = 3.0;
			};
			name = Debug;
		};
		E28EB6451F19591700B2D175 /* Release */ = {
			isa = XCBuildConfiguration;
			baseConfigurationReference = D032BACCE7E0BA21D4810E32 /* Pods-Donor List.release.xcconfig */;
			buildSettings = {
				ASSETCATALOG_COMPILER_APPICON_NAME = AppIcon;
				DEVELOPMENT_TEAM = J9C4UGA6DL;
				INFOPLIST_FILE = "Donor List/Info.plist";
				LD_RUNPATH_SEARCH_PATHS = "$(inherited) @executable_path/Frameworks";
				PRODUCT_BUNDLE_IDENTIFIER = "com.software.Donor-List";
				PRODUCT_NAME = "$(TARGET_NAME)";
				SWIFT_VERSION = 3.0;
			};
			name = Release;
		};
		E28EB6471F19591700B2D175 /* Debug */ = {
			isa = XCBuildConfiguration;
			baseConfigurationReference = CBFBA1FE7809E03B15725908 /* Pods-Donor ListTests.debug.xcconfig */;
			buildSettings = {
				ALWAYS_EMBED_SWIFT_STANDARD_LIBRARIES = YES;
				BUNDLE_LOADER = "$(TEST_HOST)";
				DEVELOPMENT_TEAM = J9C4UGA6DL;
				INFOPLIST_FILE = "Donor ListTests/Info.plist";
				LD_RUNPATH_SEARCH_PATHS = "$(inherited) @executable_path/Frameworks @loader_path/Frameworks";
				PRODUCT_BUNDLE_IDENTIFIER = "com.software.Donor-ListTests";
				PRODUCT_NAME = "$(TARGET_NAME)";
				SWIFT_VERSION = 3.0;
				TEST_HOST = "$(BUILT_PRODUCTS_DIR)/Donor List.app/Donor List";
			};
			name = Debug;
		};
		E28EB6481F19591700B2D175 /* Release */ = {
			isa = XCBuildConfiguration;
			baseConfigurationReference = 288AEF1203477E5A639DFE9A /* Pods-Donor ListTests.release.xcconfig */;
			buildSettings = {
				ALWAYS_EMBED_SWIFT_STANDARD_LIBRARIES = YES;
				BUNDLE_LOADER = "$(TEST_HOST)";
				DEVELOPMENT_TEAM = J9C4UGA6DL;
				INFOPLIST_FILE = "Donor ListTests/Info.plist";
				LD_RUNPATH_SEARCH_PATHS = "$(inherited) @executable_path/Frameworks @loader_path/Frameworks";
				PRODUCT_BUNDLE_IDENTIFIER = "com.software.Donor-ListTests";
				PRODUCT_NAME = "$(TARGET_NAME)";
				SWIFT_VERSION = 3.0;
				TEST_HOST = "$(BUILT_PRODUCTS_DIR)/Donor List.app/Donor List";
			};
			name = Release;
		};
		E28EB64A1F19591700B2D175 /* Debug */ = {
			isa = XCBuildConfiguration;
			baseConfigurationReference = 4B9ADA41736C130ED9B23047 /* Pods-Donor ListUITests.debug.xcconfig */;
			buildSettings = {
				ALWAYS_EMBED_SWIFT_STANDARD_LIBRARIES = YES;
				DEVELOPMENT_TEAM = J9C4UGA6DL;
				INFOPLIST_FILE = "Donor ListUITests/Info.plist";
				LD_RUNPATH_SEARCH_PATHS = "$(inherited) @executable_path/Frameworks @loader_path/Frameworks";
				PRODUCT_BUNDLE_IDENTIFIER = "com.software.Donor-ListUITests";
				PRODUCT_NAME = "$(TARGET_NAME)";
				SWIFT_VERSION = 3.0;
				TEST_TARGET_NAME = "Donor List";
			};
			name = Debug;
		};
		E28EB64B1F19591700B2D175 /* Release */ = {
			isa = XCBuildConfiguration;
			baseConfigurationReference = 6285D6C9189D6DAED1356686 /* Pods-Donor ListUITests.release.xcconfig */;
			buildSettings = {
				ALWAYS_EMBED_SWIFT_STANDARD_LIBRARIES = YES;
				DEVELOPMENT_TEAM = J9C4UGA6DL;
				INFOPLIST_FILE = "Donor ListUITests/Info.plist";
				LD_RUNPATH_SEARCH_PATHS = "$(inherited) @executable_path/Frameworks @loader_path/Frameworks";
				PRODUCT_BUNDLE_IDENTIFIER = "com.software.Donor-ListUITests";
				PRODUCT_NAME = "$(TARGET_NAME)";
				SWIFT_VERSION = 3.0;
				TEST_TARGET_NAME = "Donor List";
			};
			name = Release;
		};
/* End XCBuildConfiguration section */

/* Begin XCConfigurationList section */
		E28EB6161F19591700B2D175 /* Build configuration list for PBXProject "Donor List" */ = {
			isa = XCConfigurationList;
			buildConfigurations = (
				E28EB6411F19591700B2D175 /* Debug */,
				E28EB6421F19591700B2D175 /* Release */,
			);
			defaultConfigurationIsVisible = 0;
			defaultConfigurationName = Release;
		};
		E28EB6431F19591700B2D175 /* Build configuration list for PBXNativeTarget "Donor List" */ = {
			isa = XCConfigurationList;
			buildConfigurations = (
				E28EB6441F19591700B2D175 /* Debug */,
				E28EB6451F19591700B2D175 /* Release */,
			);
			defaultConfigurationIsVisible = 0;
		};
		E28EB6461F19591700B2D175 /* Build configuration list for PBXNativeTarget "Donor ListTests" */ = {
			isa = XCConfigurationList;
			buildConfigurations = (
				E28EB6471F19591700B2D175 /* Debug */,
				E28EB6481F19591700B2D175 /* Release */,
			);
			defaultConfigurationIsVisible = 0;
		};
		E28EB6491F19591700B2D175 /* Build configuration list for PBXNativeTarget "Donor ListUITests" */ = {
			isa = XCConfigurationList;
			buildConfigurations = (
				E28EB64A1F19591700B2D175 /* Debug */,
				E28EB64B1F19591700B2D175 /* Release */,
			);
			defaultConfigurationIsVisible = 0;
		};
/* End XCConfigurationList section */
	};
	rootObject = E28EB6131F19591700B2D175 /* Project object */;
}
