// !$*UTF8*$!
{
	archiveVersion = 1;
	classes = {
	};
	objectVersion = 46;
	objects = {

/* Begin PBXBuildFile section */
		DEA274E51F1B62F8000826C3 /* AppDelegate.swift in Sources */ = {isa = PBXBuildFile; fileRef = DEA274E41F1B62F8000826C3 /* AppDelegate.swift */; };
		DEA274E71F1B62F8000826C3 /* ViewController.swift in Sources */ = {isa = PBXBuildFile; fileRef = DEA274E61F1B62F8000826C3 /* ViewController.swift */; };
		DEA274EA1F1B62F8000826C3 /* Main.storyboard in Resources */ = {isa = PBXBuildFile; fileRef = DEA274E81F1B62F8000826C3 /* Main.storyboard */; };
		DEA274EC1F1B62F8000826C3 /* Assets.xcassets in Resources */ = {isa = PBXBuildFile; fileRef = DEA274EB1F1B62F8000826C3 /* Assets.xcassets */; };
		DEA274EF1F1B62F8000826C3 /* LaunchScreen.storyboard in Resources */ = {isa = PBXBuildFile; fileRef = DEA274ED1F1B62F8000826C3 /* LaunchScreen.storyboard */; };
		DEA274FA1F1B62F8000826C3 /* Blood_DonationTests.swift in Sources */ = {isa = PBXBuildFile; fileRef = DEA274F91F1B62F8000826C3 /* Blood_DonationTests.swift */; };
		DEA275051F1B62F8000826C3 /* Blood_DonationUITests.swift in Sources */ = {isa = PBXBuildFile; fileRef = DEA275041F1B62F8000826C3 /* Blood_DonationUITests.swift */; };
/* End PBXBuildFile section */

/* Begin PBXContainerItemProxy section */
		DEA274F61F1B62F8000826C3 /* PBXContainerItemProxy */ = {
			isa = PBXContainerItemProxy;
			containerPortal = DEA274D91F1B62F8000826C3 /* Project object */;
			proxyType = 1;
			remoteGlobalIDString = DEA274E01F1B62F8000826C3;
			remoteInfo = "Blood Donation";
		};
		DEA275011F1B62F8000826C3 /* PBXContainerItemProxy */ = {
			isa = PBXContainerItemProxy;
			containerPortal = DEA274D91F1B62F8000826C3 /* Project object */;
			proxyType = 1;
			remoteGlobalIDString = DEA274E01F1B62F8000826C3;
			remoteInfo = "Blood Donation";
		};
/* End PBXContainerItemProxy section */

/* Begin PBXFileReference section */
		DEA274E11F1B62F8000826C3 /* Blood Donation.app */ = {isa = PBXFileReference; explicitFileType = wrapper.application; includeInIndex = 0; path = "Blood Donation.app"; sourceTree = BUILT_PRODUCTS_DIR; };
		DEA274E41F1B62F8000826C3 /* AppDelegate.swift */ = {isa = PBXFileReference; lastKnownFileType = sourcecode.swift; path = AppDelegate.swift; sourceTree = "<group>"; };
		DEA274E61F1B62F8000826C3 /* ViewController.swift */ = {isa = PBXFileReference; lastKnownFileType = sourcecode.swift; path = ViewController.swift; sourceTree = "<group>"; };
		DEA274E91F1B62F8000826C3 /* Base */ = {isa = PBXFileReference; lastKnownFileType = file.storyboard; name = Base; path = Base.lproj/Main.storyboard; sourceTree = "<group>"; };
		DEA274EB1F1B62F8000826C3 /* Assets.xcassets */ = {isa = PBXFileReference; lastKnownFileType = folder.assetcatalog; path = Assets.xcassets; sourceTree = "<group>"; };
		DEA274EE1F1B62F8000826C3 /* Base */ = {isa = PBXFileReference; lastKnownFileType = file.storyboard; name = Base; path = Base.lproj/LaunchScreen.storyboard; sourceTree = "<group>"; };
		DEA274F01F1B62F8000826C3 /* Info.plist */ = {isa = PBXFileReference; lastKnownFileType = text.plist.xml; path = Info.plist; sourceTree = "<group>"; };
		DEA274F51F1B62F8000826C3 /* Blood DonationTests.xctest */ = {isa = PBXFileReference; explicitFileType = wrapper.cfbundle; includeInIndex = 0; path = "Blood DonationTests.xctest"; sourceTree = BUILT_PRODUCTS_DIR; };
		DEA274F91F1B62F8000826C3 /* Blood_DonationTests.swift */ = {isa = PBXFileReference; lastKnownFileType = sourcecode.swift; path = Blood_DonationTests.swift; sourceTree = "<group>"; };
		DEA274FB1F1B62F8000826C3 /* Info.plist */ = {isa = PBXFileReference; lastKnownFileType = text.plist.xml; path = Info.plist; sourceTree = "<group>"; };
		DEA275001F1B62F8000826C3 /* Blood DonationUITests.xctest */ = {isa = PBXFileReference; explicitFileType = wrapper.cfbundle; includeInIndex = 0; path = "Blood DonationUITests.xctest"; sourceTree = BUILT_PRODUCTS_DIR; };
		DEA275041F1B62F8000826C3 /* Blood_DonationUITests.swift */ = {isa = PBXFileReference; lastKnownFileType = sourcecode.swift; path = Blood_DonationUITests.swift; sourceTree = "<group>"; };
		DEA275061F1B62F8000826C3 /* Info.plist */ = {isa = PBXFileReference; lastKnownFileType = text.plist.xml; path = Info.plist; sourceTree = "<group>"; };
/* End PBXFileReference section */

/* Begin PBXFrameworksBuildPhase section */
		DEA274DE1F1B62F8000826C3 /* Frameworks */ = {
			isa = PBXFrameworksBuildPhase;
			buildActionMask = 2147483647;
			files = (
			);
			runOnlyForDeploymentPostprocessing = 0;
		};
		DEA274F21F1B62F8000826C3 /* Frameworks */ = {
			isa = PBXFrameworksBuildPhase;
			buildActionMask = 2147483647;
			files = (
			);
			runOnlyForDeploymentPostprocessing = 0;
		};
		DEA274FD1F1B62F8000826C3 /* Frameworks */ = {
			isa = PBXFrameworksBuildPhase;
			buildActionMask = 2147483647;
			files = (
			);
			runOnlyForDeploymentPostprocessing = 0;
		};
/* End PBXFrameworksBuildPhase section */

/* Begin PBXGroup section */
		DEA274D81F1B62F8000826C3 = {
			isa = PBXGroup;
			children = (
				DEA274E31F1B62F8000826C3 /* Blood Donation */,
				DEA274F81F1B62F8000826C3 /* Blood DonationTests */,
				DEA275031F1B62F8000826C3 /* Blood DonationUITests */,
				DEA274E21F1B62F8000826C3 /* Products */,
			);
			sourceTree = "<group>";
		};
		DEA274E21F1B62F8000826C3 /* Products */ = {
			isa = PBXGroup;
			children = (
				DEA274E11F1B62F8000826C3 /* Blood Donation.app */,
				DEA274F51F1B62F8000826C3 /* Blood DonationTests.xctest */,
				DEA275001F1B62F8000826C3 /* Blood DonationUITests.xctest */,
			);
			name = Products;
			sourceTree = "<group>";
		};
		DEA274E31F1B62F8000826C3 /* Blood Donation */ = {
			isa = PBXGroup;
			children = (
				DEA274E41F1B62F8000826C3 /* AppDelegate.swift */,
				DEA274E61F1B62F8000826C3 /* ViewController.swift */,
				DEA274E81F1B62F8000826C3 /* Main.storyboard */,
				DEA274EB1F1B62F8000826C3 /* Assets.xcassets */,
				DEA274ED1F1B62F8000826C3 /* LaunchScreen.storyboard */,
				DEA274F01F1B62F8000826C3 /* Info.plist */,
			);
			path = "Blood Donation";
			sourceTree = "<group>";
		};
		DEA274F81F1B62F8000826C3 /* Blood DonationTests */ = {
			isa = PBXGroup;
			children = (
				DEA274F91F1B62F8000826C3 /* Blood_DonationTests.swift */,
				DEA274FB1F1B62F8000826C3 /* Info.plist */,
			);
			path = "Blood DonationTests";
			sourceTree = "<group>";
		};
		DEA275031F1B62F8000826C3 /* Blood DonationUITests */ = {
			isa = PBXGroup;
			children = (
				DEA275041F1B62F8000826C3 /* Blood_DonationUITests.swift */,
				DEA275061F1B62F8000826C3 /* Info.plist */,
			);
			path = "Blood DonationUITests";
			sourceTree = "<group>";
		};
/* End PBXGroup section */

/* Begin PBXNativeTarget section */
		DEA274E01F1B62F8000826C3 /* Blood Donation */ = {
			isa = PBXNativeTarget;
			buildConfigurationList = DEA275091F1B62F8000826C3 /* Build configuration list for PBXNativeTarget "Blood Donation" */;
			buildPhases = (
				DEA274DD1F1B62F8000826C3 /* Sources */,
				DEA274DE1F1B62F8000826C3 /* Frameworks */,
				DEA274DF1F1B62F8000826C3 /* Resources */,
			);
			buildRules = (
			);
			dependencies = (
			);
			name = "Blood Donation";
			productName = "Blood Donation";
			productReference = DEA274E11F1B62F8000826C3 /* Blood Donation.app */;
			productType = "com.apple.product-type.application";
		};
		DEA274F41F1B62F8000826C3 /* Blood DonationTests */ = {
			isa = PBXNativeTarget;
			buildConfigurationList = DEA2750C1F1B62F8000826C3 /* Build configuration list for PBXNativeTarget "Blood DonationTests" */;
			buildPhases = (
				DEA274F11F1B62F8000826C3 /* Sources */,
				DEA274F21F1B62F8000826C3 /* Frameworks */,
				DEA274F31F1B62F8000826C3 /* Resources */,
			);
			buildRules = (
			);
			dependencies = (
				DEA274F71F1B62F8000826C3 /* PBXTargetDependency */,
			);
			name = "Blood DonationTests";
			productName = "Blood DonationTests";
			productReference = DEA274F51F1B62F8000826C3 /* Blood DonationTests.xctest */;
			productType = "com.apple.product-type.bundle.unit-test";
		};
		DEA274FF1F1B62F8000826C3 /* Blood DonationUITests */ = {
			isa = PBXNativeTarget;
			buildConfigurationList = DEA2750F1F1B62F8000826C3 /* Build configuration list for PBXNativeTarget "Blood DonationUITests" */;
			buildPhases = (
				DEA274FC1F1B62F8000826C3 /* Sources */,
				DEA274FD1F1B62F8000826C3 /* Frameworks */,
				DEA274FE1F1B62F8000826C3 /* Resources */,
			);
			buildRules = (
			);
			dependencies = (
				DEA275021F1B62F8000826C3 /* PBXTargetDependency */,
			);
			name = "Blood DonationUITests";
			productName = "Blood DonationUITests";
			productReference = DEA275001F1B62F8000826C3 /* Blood DonationUITests.xctest */;
			productType = "com.apple.product-type.bundle.ui-testing";
		};
/* End PBXNativeTarget section */

/* Begin PBXProject section */
		DEA274D91F1B62F8000826C3 /* Project object */ = {
			isa = PBXProject;
			attributes = {
				LastSwiftUpdateCheck = 0830;
				LastUpgradeCheck = 0830;
				ORGANIZATIONNAME = group2;
				TargetAttributes = {
					DEA274E01F1B62F8000826C3 = {
						CreatedOnToolsVersion = 8.3.2;
						ProvisioningStyle = Automatic;
					};
					DEA274F41F1B62F8000826C3 = {
						CreatedOnToolsVersion = 8.3.2;
						ProvisioningStyle = Automatic;
						TestTargetID = DEA274E01F1B62F8000826C3;
					};
					DEA274FF1F1B62F8000826C3 = {
						CreatedOnToolsVersion = 8.3.2;
						ProvisioningStyle = Automatic;
						TestTargetID = DEA274E01F1B62F8000826C3;
					};
				};
			};
			buildConfigurationList = DEA274DC1F1B62F8000826C3 /* Build configuration list for PBXProject "Blood Donation" */;
			compatibilityVersion = "Xcode 3.2";
			developmentRegion = English;
			hasScannedForEncodings = 0;
			knownRegions = (
				en,
				Base,
			);
			mainGroup = DEA274D81F1B62F8000826C3;
			productRefGroup = DEA274E21F1B62F8000826C3 /* Products */;
			projectDirPath = "";
			projectRoot = "";
			targets = (
				DEA274E01F1B62F8000826C3 /* Blood Donation */,
				DEA274F41F1B62F8000826C3 /* Blood DonationTests */,
				DEA274FF1F1B62F8000826C3 /* Blood DonationUITests */,
			);
		};
/* End PBXProject section */

/* Begin PBXResourcesBuildPhase section */
		DEA274DF1F1B62F8000826C3 /* Resources */ = {
			isa = PBXResourcesBuildPhase;
			buildActionMask = 2147483647;
			files = (
				DEA274EF1F1B62F8000826C3 /* LaunchScreen.storyboard in Resources */,
				DEA274EC1F1B62F8000826C3 /* Assets.xcassets in Resources */,
				DEA274EA1F1B62F8000826C3 /* Main.storyboard in Resources */,
			);
			runOnlyForDeploymentPostprocessing = 0;
		};
		DEA274F31F1B62F8000826C3 /* Resources */ = {
			isa = PBXResourcesBuildPhase;
			buildActionMask = 2147483647;
			files = (
			);
			runOnlyForDeploymentPostprocessing = 0;
		};
		DEA274FE1F1B62F8000826C3 /* Resources */ = {
			isa = PBXResourcesBuildPhase;
			buildActionMask = 2147483647;
			files = (
			);
			runOnlyForDeploymentPostprocessing = 0;
		};
/* End PBXResourcesBuildPhase section */

/* Begin PBXSourcesBuildPhase section */
		DEA274DD1F1B62F8000826C3 /* Sources */ = {
			isa = PBXSourcesBuildPhase;
			buildActionMask = 2147483647;
			files = (
				DEA274E71F1B62F8000826C3 /* ViewController.swift in Sources */,
				DEA274E51F1B62F8000826C3 /* AppDelegate.swift in Sources */,
			);
			runOnlyForDeploymentPostprocessing = 0;
		};
		DEA274F11F1B62F8000826C3 /* Sources */ = {
			isa = PBXSourcesBuildPhase;
			buildActionMask = 2147483647;
			files = (
				DEA274FA1F1B62F8000826C3 /* Blood_DonationTests.swift in Sources */,
			);
			runOnlyForDeploymentPostprocessing = 0;
		};
		DEA274FC1F1B62F8000826C3 /* Sources */ = {
			isa = PBXSourcesBuildPhase;
			buildActionMask = 2147483647;
			files = (
				DEA275051F1B62F8000826C3 /* Blood_DonationUITests.swift in Sources */,
			);
			runOnlyForDeploymentPostprocessing = 0;
		};
/* End PBXSourcesBuildPhase section */

/* Begin PBXTargetDependency section */
		DEA274F71F1B62F8000826C3 /* PBXTargetDependency */ = {
			isa = PBXTargetDependency;
			target = DEA274E01F1B62F8000826C3 /* Blood Donation */;
			targetProxy = DEA274F61F1B62F8000826C3 /* PBXContainerItemProxy */;
		};
		DEA275021F1B62F8000826C3 /* PBXTargetDependency */ = {
			isa = PBXTargetDependency;
			target = DEA274E01F1B62F8000826C3 /* Blood Donation */;
			targetProxy = DEA275011F1B62F8000826C3 /* PBXContainerItemProxy */;
		};
/* End PBXTargetDependency section */

/* Begin PBXVariantGroup section */
		DEA274E81F1B62F8000826C3 /* Main.storyboard */ = {
			isa = PBXVariantGroup;
			children = (
				DEA274E91F1B62F8000826C3 /* Base */,
			);
			name = Main.storyboard;
			sourceTree = "<group>";
		};
		DEA274ED1F1B62F8000826C3 /* LaunchScreen.storyboard */ = {
			isa = PBXVariantGroup;
			children = (
				DEA274EE1F1B62F8000826C3 /* Base */,
			);
			name = LaunchScreen.storyboard;
			sourceTree = "<group>";
		};
/* End PBXVariantGroup section */

/* Begin XCBuildConfiguration section */
		DEA275071F1B62F8000826C3 /* Debug */ = {
			isa = XCBuildConfiguration;
			buildSettings = {
				ALWAYS_SEARCH_USER_PATHS = NO;
				CLANG_ANALYZER_NONNULL = YES;
				CLANG_ANALYZER_NUMBER_OBJECT_CONVERSION = YES_AGGRESSIVE;
				CLANG_CXX_LANGUAGE_STANDARD = "gnu++0x";
				CLANG_CXX_LIBRARY = "libc++";
				CLANG_ENABLE_MODULES = YES;
				CLANG_ENABLE_OBJC_ARC = YES;
				CLANG_WARN_BOOL_CONVERSION = YES;
				CLANG_WARN_CONSTANT_CONVERSION = YES;
				CLANG_WARN_DIRECT_OBJC_ISA_USAGE = YES_ERROR;
				CLANG_WARN_DOCUMENTATION_COMMENTS = YES;
				CLANG_WARN_EMPTY_BODY = YES;
				CLANG_WARN_ENUM_CONVERSION = YES;
				CLANG_WARN_INFINITE_RECURSION = YES;
				CLANG_WARN_INT_CONVERSION = YES;
				CLANG_WARN_OBJC_ROOT_CLASS = YES_ERROR;
				CLANG_WARN_SUSPICIOUS_MOVE = YES;
				CLANG_WARN_UNREACHABLE_CODE = YES;
				CLANG_WARN__DUPLICATE_METHOD_MATCH = YES;
				"CODE_SIGN_IDENTITY[sdk=iphoneos*]" = "iPhone Developer";
				COPY_PHASE_STRIP = NO;
				DEBUG_INFORMATION_FORMAT = dwarf;
				ENABLE_STRICT_OBJC_MSGSEND = YES;
				ENABLE_TESTABILITY = YES;
				GCC_C_LANGUAGE_STANDARD = gnu99;
				GCC_DYNAMIC_NO_PIC = NO;
				GCC_NO_COMMON_BLOCKS = YES;
				GCC_OPTIMIZATION_LEVEL = 0;
				GCC_PREPROCESSOR_DEFINITIONS = (
					"DEBUG=1",
					"$(inherited)",
				);
				GCC_WARN_64_TO_32_BIT_CONVERSION = YES;
				GCC_WARN_ABOUT_RETURN_TYPE = YES_ERROR;
				GCC_WARN_UNDECLARED_SELECTOR = YES;
				GCC_WARN_UNINITIALIZED_AUTOS = YES_AGGRESSIVE;
				GCC_WARN_UNUSED_FUNCTION = YES;
				GCC_WARN_UNUSED_VARIABLE = YES;
				IPHONEOS_DEPLOYMENT_TARGET = 10.3;
				MTL_ENABLE_DEBUG_INFO = YES;
				ONLY_ACTIVE_ARCH = YES;
				SDKROOT = iphoneos;
				SWIFT_ACTIVE_COMPILATION_CONDITIONS = DEBUG;
				SWIFT_OPTIMIZATION_LEVEL = "-Onone";
			};
			name = Debug;
		};
		DEA275081F1B62F8000826C3 /* Release */ = {
			isa = XCBuildConfiguration;
			buildSettings = {
				ALWAYS_SEARCH_USER_PATHS = NO;
				CLANG_ANALYZER_NONNULL = YES;
				CLANG_ANALYZER_NUMBER_OBJECT_CONVERSION = YES_AGGRESSIVE;
				CLANG_CXX_LANGUAGE_STANDARD = "gnu++0x";
				CLANG_CXX_LIBRARY = "libc++";
				CLANG_ENABLE_MODULES = YES;
				CLANG_ENABLE_OBJC_ARC = YES;
				CLANG_WARN_BOOL_CONVERSION = YES;
				CLANG_WARN_CONSTANT_CONVERSION = YES;
				CLANG_WARN_DIRECT_OBJC_ISA_USAGE = YES_ERROR;
				CLANG_WARN_DOCUMENTATION_COMMENTS = YES;
				CLANG_WARN_EMPTY_BODY = YES;
				CLANG_WARN_ENUM_CONVERSION = YES;
				CLANG_WARN_INFINITE_RECURSION = YES;
				CLANG_WARN_INT_CONVERSION = YES;
				CLANG_WARN_OBJC_ROOT_CLASS = YES_ERROR;
				CLANG_WARN_SUSPICIOUS_MOVE = YES;
				CLANG_WARN_UNREACHABLE_CODE = YES;
				CLANG_WARN__DUPLICATE_METHOD_MATCH = YES;
				"CODE_SIGN_IDENTITY[sdk=iphoneos*]" = "iPhone Developer";
				COPY_PHASE_STRIP = NO;
				DEBUG_INFORMATION_FORMAT = "dwarf-with-dsym";
				ENABLE_NS_ASSERTIONS = NO;
				ENABLE_STRICT_OBJC_MSGSEND = YES;
				GCC_C_LANGUAGE_STANDARD = gnu99;
				GCC_NO_COMMON_BLOCKS = YES;
				GCC_WARN_64_TO_32_BIT_CONVERSION = YES;
				GCC_WARN_ABOUT_RETURN_TYPE = YES_ERROR;
				GCC_WARN_UNDECLARED_SELECTOR = YES;
				GCC_WARN_UNINITIALIZED_AUTOS = YES_AGGRESSIVE;
				GCC_WARN_UNUSED_FUNCTION = YES;
				GCC_WARN_UNUSED_VARIABLE = YES;
				IPHONEOS_DEPLOYMENT_TARGET = 10.3;
				MTL_ENABLE_DEBUG_INFO = NO;
				SDKROOT = iphoneos;
				SWIFT_OPTIMIZATION_LEVEL = "-Owholemodule";
				VALIDATE_PRODUCT = YES;
			};
			name = Release;
		};
		DEA2750A1F1B62F8000826C3 /* Debug */ = {
			isa = XCBuildConfiguration;
			buildSettings = {
				ASSETCATALOG_COMPILER_APPICON_NAME = AppIcon;
				INFOPLIST_FILE = "Blood Donation/Info.plist";
				LD_RUNPATH_SEARCH_PATHS = "$(inherited) @executable_path/Frameworks";
				PRODUCT_BUNDLE_IDENTIFIER = "group2.Blood-Donation";
				PRODUCT_NAME = "$(TARGET_NAME)";
				SWIFT_VERSION = 3.0;
			};
			name = Debug;
		};
		DEA2750B1F1B62F8000826C3 /* Release */ = {
			isa = XCBuildConfiguration;
			buildSettings = {
				ASSETCATALOG_COMPILER_APPICON_NAME = AppIcon;
				INFOPLIST_FILE = "Blood Donation/Info.plist";
				LD_RUNPATH_SEARCH_PATHS = "$(inherited) @executable_path/Frameworks";
				PRODUCT_BUNDLE_IDENTIFIER = "group2.Blood-Donation";
				PRODUCT_NAME = "$(TARGET_NAME)";
				SWIFT_VERSION = 3.0;
			};
			name = Release;
		};
		DEA2750D1F1B62F8000826C3 /* Debug */ = {
			isa = XCBuildConfiguration;
			buildSettings = {
				ALWAYS_EMBED_SWIFT_STANDARD_LIBRARIES = YES;
				BUNDLE_LOADER = "$(TEST_HOST)";
				INFOPLIST_FILE = "Blood DonationTests/Info.plist";
				LD_RUNPATH_SEARCH_PATHS = "$(inherited) @executable_path/Frameworks @loader_path/Frameworks";
				PRODUCT_BUNDLE_IDENTIFIER = "group2.Blood-DonationTests";
				PRODUCT_NAME = "$(TARGET_NAME)";
				SWIFT_VERSION = 3.0;
				TEST_HOST = "$(BUILT_PRODUCTS_DIR)/Blood Donation.app/Blood Donation";
			};
			name = Debug;
		};
		DEA2750E1F1B62F8000826C3 /* Release */ = {
			isa = XCBuildConfiguration;
			buildSettings = {
				ALWAYS_EMBED_SWIFT_STANDARD_LIBRARIES = YES;
				BUNDLE_LOADER = "$(TEST_HOST)";
				INFOPLIST_FILE = "Blood DonationTests/Info.plist";
				LD_RUNPATH_SEARCH_PATHS = "$(inherited) @executable_path/Frameworks @loader_path/Frameworks";
				PRODUCT_BUNDLE_IDENTIFIER = "group2.Blood-DonationTests";
				PRODUCT_NAME = "$(TARGET_NAME)";
				SWIFT_VERSION = 3.0;
				TEST_HOST = "$(BUILT_PRODUCTS_DIR)/Blood Donation.app/Blood Donation";
			};
			name = Release;
		};
		DEA275101F1B62F8000826C3 /* Debug */ = {
			isa = XCBuildConfiguration;
			buildSettings = {
				ALWAYS_EMBED_SWIFT_STANDARD_LIBRARIES = YES;
				INFOPLIST_FILE = "Blood DonationUITests/Info.plist";
				LD_RUNPATH_SEARCH_PATHS = "$(inherited) @executable_path/Frameworks @loader_path/Frameworks";
				PRODUCT_BUNDLE_IDENTIFIER = "group2.Blood-DonationUITests";
				PRODUCT_NAME = "$(TARGET_NAME)";
				SWIFT_VERSION = 3.0;
				TEST_TARGET_NAME = "Blood Donation";
			};
			name = Debug;
		};
		DEA275111F1B62F8000826C3 /* Release */ = {
			isa = XCBuildConfiguration;
			buildSettings = {
				ALWAYS_EMBED_SWIFT_STANDARD_LIBRARIES = YES;
				INFOPLIST_FILE = "Blood DonationUITests/Info.plist";
				LD_RUNPATH_SEARCH_PATHS = "$(inherited) @executable_path/Frameworks @loader_path/Frameworks";
				PRODUCT_BUNDLE_IDENTIFIER = "group2.Blood-DonationUITests";
				PRODUCT_NAME = "$(TARGET_NAME)";
				SWIFT_VERSION = 3.0;
				TEST_TARGET_NAME = "Blood Donation";
			};
			name = Release;
		};
/* End XCBuildConfiguration section */

/* Begin XCConfigurationList section */
		DEA274DC1F1B62F8000826C3 /* Build configuration list for PBXProject "Blood Donation" */ = {
			isa = XCConfigurationList;
			buildConfigurations = (
				DEA275071F1B62F8000826C3 /* Debug */,
				DEA275081F1B62F8000826C3 /* Release */,
			);
			defaultConfigurationIsVisible = 0;
			defaultConfigurationName = Release;
		};
		DEA275091F1B62F8000826C3 /* Build configuration list for PBXNativeTarget "Blood Donation" */ = {
			isa = XCConfigurationList;
			buildConfigurations = (
				DEA2750A1F1B62F8000826C3 /* Debug */,
				DEA2750B1F1B62F8000826C3 /* Release */,
			);
			defaultConfigurationIsVisible = 0;
			defaultConfigurationName = Release;
		};
		DEA2750C1F1B62F8000826C3 /* Build configuration list for PBXNativeTarget "Blood DonationTests" */ = {
			isa = XCConfigurationList;
			buildConfigurations = (
				DEA2750D1F1B62F8000826C3 /* Debug */,
				DEA2750E1F1B62F8000826C3 /* Release */,
			);
			defaultConfigurationIsVisible = 0;
			defaultConfigurationName = Release;
		};
		DEA2750F1F1B62F8000826C3 /* Build configuration list for PBXNativeTarget "Blood DonationUITests" */ = {
			isa = XCConfigurationList;
			buildConfigurations = (
				DEA275101F1B62F8000826C3 /* Debug */,
				DEA275111F1B62F8000826C3 /* Release */,
			);
			defaultConfigurationIsVisible = 0;
			defaultConfigurationName = Release;
		};
/* End XCConfigurationList section */
	};
	rootObject = DEA274D91F1B62F8000826C3 /* Project object */;
}
